
Microsoft Visual Studio Solution File, Format Version 12.00
# Visual Studio Version 16
VisualStudioVersion = 16.0.32510.428
MinimumVisualStudioVersion = 10.0.40219.1
Project("{9A19103F-16F7-4668-BE54-9A1E7A4F7556}") = "GangRP_Server", "GangRP_Server.csproj", "{3E2225D1-36E8-44A3-9373-9EC4ECBEA8B6}"
EndProject
Global
	GlobalSection(SolutionConfigurationPlatforms) = preSolution
		Debug|Any CPU = Debug|Any CPU
		Release|Any CPU = Release|Any CPU
	EndGlobalSection
	GlobalSection(ProjectConfigurationPlatforms) = postSolution
		{3E2225D1-36E8-44A3-9373-9EC4ECBEA8B6}.Debug|Any CPU.ActiveCfg = Debug|Any CPU
		{3E2225D1-36E8-44A3-9373-9EC4ECBEA8B6}.Debug|Any CPU.Build.0 = Debug|Any CPU
		{3E2225D1-36E8-44A3-9373-9EC4ECBEA8B6}.Release|Any CPU.ActiveCfg = Release|Any CPU
		{3E2225D1-36E8-44A3-9373-9EC4ECBEA8B6}.Release|Any CPU.Build.0 = Release|Any CPU
	EndGlobalSection
	GlobalSection(SolutionProperties) = preSolution
		HideSolutionNode = FALSE
	EndGlobalSection
	GlobalSection(ExtensibilityGlobals) = postSolution
		SolutionGuid = {EFE94BA6-684E-4B26-967D-B6ACC6AD37FE}
	EndGlobalSection
EndGlobal
